lockfileVersion: '9.0'

settings:
  autoInstallPeers: true
  excludeLinksFromLockfile: false

importers:

  .:
    dependencies:
      '@tanstack/react-query':
        specifier: 5.90.20
        version: 5.90.20(react@19.2.4)
      '@tanstack/react-query-devtools':
        specifier: 5.91.3
        version: 5.91.3(@tanstack/react-query@5.90.20(react@19.2.4))(react@19.2.4)
      ws:
        specifier: ^8.19.0
        version: 8.19.0
    devDependencies:
      '@types/ws':
        specifier: 8.18.1
        version: 8.18.1

packages:

  '@tanstack/query-core@5.90.20':
    resolution: {integrity: sha512-OMD2HLpNouXEfZJWcKeVKUgQ5n+n3A2JFmBaScpNDUqSrQSjiveC7dKMe53uJUg1nDG16ttFPz2xfilz6i2uVg==}

  '@tanstack/query-devtools@5.93.0':
    resolution: {integrity: sha512-+kpsx1NQnOFTZsw6HAFCW3HkKg0+2cepGtAWXjiiSOJJ1CtQpt72EE2nyZb+AjAbLRPoeRmPJ8MtQd8r8gsPdg==}

  '@tanstack/react-query-devtools@5.91.3':
    resolution: {integrity: sha512-nlahjMtd/J1h7IzOOfqeyDh5LNfG0eULwlltPEonYy0QL+nqrBB+nyzJfULV+moL7sZyxc2sHdNJki+vLA9BSA==}
    peerDependencies:
      '@tanstack/react-query': ^5.90.20
      react: ^18 || ^19

  '@tanstack/react-query@5.90.20':
    resolution: {integrity: sha512-vXBxa+qeyveVO7OA0jX1z+DeyCA4JKnThKv411jd5SORpBKgkcVnYKCiBgECvADvniBX7tobwBmg01qq9JmMJw==}
    peerDependencies:
      react: ^18 || ^19

  '@types/node@25.2.2':
    resolution: {integrity: sha512-BkmoP5/FhRYek5izySdkOneRyXYN35I860MFAGupTdebyE66uZaR+bXLHq8k4DirE5DwQi3NuhvRU1jqTVwUrQ==}

  '@types/ws@8.18.1':
    resolution: {integrity: sha512-ThVF6DCVhA8kUGy+aazFQ4kXQ7E1Ty7A3ypFOe0IcJV8O/M511G99AW24irKrW56Wt44yG9+ij8FaqoBGkuBXg==}

  react@19.2.4:
    resolution: {integrity: sha512-9nfp2hYpCwOjAN+8TZFGhtWEwgvWHXqESH8qT89AT/lWklpLON22Lc8pEtnpsZz7VmawabSU0gCjnj8aC0euHQ==}
    engines: {node: '>=0.10.0'}

  undici-types@7.16.0:
    resolution: {integrity: sha512-Zz+aZWSj8LE6zoxD+xrjh4VfkIG8Ya6LvYkZqtUQGJPZjYl53ypCaUwWqo7eI0x66KBGeRo+mlBEkMSeSZ38Nw==}

  ws@8.19.0:
    resolution: {integrity: sha512-blAT2mjOEIi0ZzruJfIhb3nps74PRWTCz1IjglWEEpQl5XS/UNama6u2/rjFkDDouqr4L67ry+1aGIALViWjDg==}
    engines: {node: '>=10.0.0'}
    peerDependencies:
      bufferutil: ^4.0.1
      utf-8-validate: '>=5.0.2'
    peerDependenciesMeta:
      bufferutil:
        optional: true
      utf-8-validate:
        optional: true

snapshots:

  '@tanstack/query-core@5.90.20': {}

  '@tanstack/query-devtools@5.93.0': {}

  '@tanstack/react-query-devtools@5.91.3(@tanstack/react-query@5.90.20(react@19.2.4))(react@19.2.4)':
    dependencies:
      '@tanstack/query-devtools': 5.93.0
      '@tanstack/react-query': 5.90.20(react@19.2.4)
      react: 19.2.4

  '@tanstack/react-query@5.90.20(react@19.2.4)':
    dependencies:
      '@tanstack/query-core': 5.90.20
      react: 19.2.4

  '@types/node@25.2.2':
    dependencies:
      undici-types: 7.16.0

  '@types/ws@8.18.1':
    dependencies:
      '@types/node': 25.2.2

  react@19.2.4: {}

  undici-types@7.16.0: {}

  ws@8.19.0: {}
